
Microsoft Visual Studio Solution File, Format Version 12.00
# Visual Studio Version 17
VisualStudioVersion = 17.7.34003.232
MinimumVisualStudioVersion = 10.0.40219.1
Project("{FAE04EC0-301F-11D3-BF4B-00C04F79EFBC}") = "ADONET - Projeto 01", "ADONET - Projeto 01.csproj", "{57C01A8A-3F6E-4F9E-A913-6A3F60DB4210}"
EndProject
Global
	GlobalSection(SolutionConfigurationPlatforms) = preSolution
		Debug|Any CPU = Debug|Any CPU
		Release|Any CPU = Release|Any CPU
	EndGlobalSection
	GlobalSection(ProjectConfigurationPlatforms) = postSolution
		{57C01A8A-3F6E-4F9E-A913-6A3F60DB4210}.Debug|Any CPU.ActiveCfg = Debug|Any CPU
		{57C01A8A-3F6E-4F9E-A913-6A3F60DB4210}.Debug|Any CPU.Build.0 = Debug|Any CPU
		{57C01A8A-3F6E-4F9E-A913-6A3F60DB4210}.Release|Any CPU.ActiveCfg = Release|Any CPU
		{57C01A8A-3F6E-4F9E-A913-6A3F60DB4210}.Release|Any CPU.Build.0 = Release|Any CPU
	EndGlobalSection
	GlobalSection(SolutionProperties) = preSolution
		HideSolutionNode = FALSE
	EndGlobalSection
	GlobalSection(ExtensibilityGlobals) = postSolution
		SolutionGuid = {2914C427-EEAE-406C-81DF-EDC53E42A48E}
	EndGlobalSection
EndGlobal
